
Microsoft Visual Studio Solution File, Format Version 12.00
# Visual Studio 2017
Project("{FAE04EC0-301F-11D3-BF4B-00C04F79EFBC}") = "SheepTrainPrototyping.Plugins", "SheepTrainPrototyping.Plugins.csproj", "{7280C7D5-B596-4893-B576-77A25B676017}"
EndProject
Project("{FAE04EC0-301F-11D3-BF4B-00C04F79EFBC}") = "SheepTrainPrototyping", "SheepTrainPrototyping.csproj", "{766489EB-DCF2-FE59-F4CB-93523F1C2A40}"
EndProject
Project("{FAE04EC0-301F-11D3-BF4B-00C04F79EFBC}") = "SheepTrainPrototyping.Editor.Plugins", "SheepTrainPrototyping.Editor.Plugins.csproj", "{C57BD105-81F4-0439-7176-5AEA428DE98F}"
EndProject
Project("{FAE04EC0-301F-11D3-BF4B-00C04F79EFBC}") = "SheepTrainPrototyping.Editor", "SheepTrainPrototyping.Editor.csproj", "{EE7AFD00-F862-F495-016D-23474E8C4C54}"
EndProject
Global
	GlobalSection(SolutionConfigurationPlatforms) = preSolution
		Debug|Any CPU = Debug|Any CPU
		Release|Any CPU = Release|Any CPU
	EndGlobalSection
	GlobalSection(ProjectConfigurationPlatforms) = postSolution
		{7280C7D5-B596-4893-B576-77A25B676017}.Debug|Any CPU.ActiveCfg = Debug|Any CPU
		{7280C7D5-B596-4893-B576-77A25B676017}.Debug|Any CPU.Build.0 = Debug|Any CPU
		{7280C7D5-B596-4893-B576-77A25B676017}.Release|Any CPU.ActiveCfg = Release|Any CPU
		{7280C7D5-B596-4893-B576-77A25B676017}.Release|Any CPU.Build.0 = Release|Any CPU
		{766489EB-DCF2-FE59-F4CB-93523F1C2A40}.Debug|Any CPU.ActiveCfg = Debug|Any CPU
		{766489EB-DCF2-FE59-F4CB-93523F1C2A40}.Debug|Any CPU.Build.0 = Debug|Any CPU
		{766489EB-DCF2-FE59-F4CB-93523F1C2A40}.Release|Any CPU.ActiveCfg = Release|Any CPU
		{766489EB-DCF2-FE59-F4CB-93523F1C2A40}.Release|Any CPU.Build.0 = Release|Any CPU
		{C57BD105-81F4-0439-7176-5AEA428DE98F}.Debug|Any CPU.ActiveCfg = Debug|Any CPU
		{C57BD105-81F4-0439-7176-5AEA428DE98F}.Debug|Any CPU.Build.0 = Debug|Any CPU
		{C57BD105-81F4-0439-7176-5AEA428DE98F}.Release|Any CPU.ActiveCfg = Release|Any CPU
		{C57BD105-81F4-0439-7176-5AEA428DE98F}.Release|Any CPU.Build.0 = Release|Any CPU
		{EE7AFD00-F862-F495-016D-23474E8C4C54}.Debug|Any CPU.ActiveCfg = Debug|Any CPU
		{EE7AFD00-F862-F495-016D-23474E8C4C54}.Debug|Any CPU.Build.0 = Debug|Any CPU
		{EE7AFD00-F862-F495-016D-23474E8C4C54}.Release|Any CPU.ActiveCfg = Release|Any CPU
		{EE7AFD00-F862-F495-016D-23474E8C4C54}.Release|Any CPU.Build.0 = Release|Any CPU
	EndGlobalSection
	GlobalSection(SolutionProperties) = preSolution
		HideSolutionNode = FALSE
	EndGlobalSection
EndGlobal
